{
  "name": "js-examples",
  "version": "1.0.0",
  "lockfileVersion": 2,
  "requires": true,
  "packages": {
    "": {
      "name": "js-examples",
      "version": "1.0.0",
      "license": "ISC",
      "dependencies": {
        "@treecg/connector-types": "^1.1.1"
      }
    },
    "node_modules/@treecg/connector-types": {
      "version": "1.1.1",
      "resolved": "https://registry.npmjs.org/@treecg/connector-types/-/connector-types-1.1.1.tgz",
      "integrity": "sha512-vcj9Ua9VNxzYNl+5RopWCRNRgR8hNhLCoulWWdKz6fLGtadraUyxbIJatMCP0+0dR9LooIaLDO1+nP2XtEywFg=="
    }
  },
  "dependencies": {
    "@treecg/connector-types": {
      "version": "1.1.1",
      "resolved": "https://registry.npmjs.org/@treecg/connector-types/-/connector-types-1.1.1.tgz",
      "integrity": "sha512-vcj9Ua9VNxzYNl+5RopWCRNRgR8hNhLCoulWWdKz6fLGtadraUyxbIJatMCP0+0dR9LooIaLDO1+nP2XtEywFg=="
    }
  }
}
